# This file was autogenerated by Stack.
# You should not edit this file by hand.
# For more information, please see the documentation at:
#   https://docs.haskellstack.org/en/stable/lock_files

packages:
- completed:
    size: 144886
    subdir: library
    url: https://github.com/alpacaaa/zero-bullshit-haskell/archive/master.tar.gz
    cabal-file:
      size: 2123
      sha256: 678943898d50683852beb220f9d12c130122a45f18fd041dd7a05c8ee59c39a1
    name: zero-bullshit
    version: 0.1.0.0
    sha256: 13863bea3e9d0809443d7d7f32f669fecbdf4bc25d7b804b9e2a23e7a97fc323
    pantry-tree:
      size: 166
      sha256: 8031a21ba83a84bbcecf003f41189cc0bce464338e6bcf7743ce0361b439fe1a
  original:
    subdir: library
    url: https://github.com/alpacaaa/zero-bullshit-haskell/archive/master.tar.gz
snapshots:
- completed:
    size: 524786
    url: https://raw.githubusercontent.com/commercialhaskell/stackage-snapshots/master/lts/14/11.yaml
    sha256: 088bb91b545839510a41ae92fa5feb36779ef3529571a42bd12b9f51eb89ded3
  original: lts-14.11
