# This file was autogenerated by Stack.
# You should not edit this file by hand.
# For more information, please see the documentation at:
#   https://docs.haskellstack.org/en/stable/lock_files

packages:
- completed:
    cabal-file:
      size: 5191
      sha256: fb3f55b1db2e3cd121ec83bc97c06f0a8468623058b5876f8c750c61548461b8
    name: cmark-gfm
    version: 0.2.0
    git: git@github.com:gillchristian/cmark-gfm-hs.git
    pantry-tree:
      size: 4805
      sha256: 63056cfc3948eb3dbf7a71af36931675982e2dccb711613f73884cf05ca37add
    commit: 0a11435b59047cfd3bfa005640812842367ccafa
  original:
    git: git@github.com:gillchristian/cmark-gfm-hs.git
    commit: 0a11435b59047cfd3bfa005640812842367ccafa
snapshots:
- completed:
    size: 524786
    url: https://raw.githubusercontent.com/commercialhaskell/stackage-snapshots/master/lts/14/11.yaml
    sha256: 088bb91b545839510a41ae92fa5feb36779ef3529571a42bd12b9f51eb89ded3
  original: lts-14.11
